{
  "name": "sawadabot",
  "version": "1.0.0",
  "lockfileVersion": 2,
  "requires": true,
  "packages": {
    "": {
      "name": "sawadabot",
      "version": "1.0.0",
      "license": "ISC",
      "dependencies": {
        "bancho.js": "^0.9.7",
        "nodesu": "^0.7.3"
      },
      "devDependencies": {
        "typescript": "^4.5.4"
      }
    },
    "node_modules/bancho.js": {
      "version": "0.9.7",
      "resolved": "https://registry.npmjs.org/bancho.js/-/bancho.js-0.9.7.tgz",
      "integrity": "sha512-0W08wnmzWWg+Pyqi2RSrPFrrYJcj8zZNRnrTSUZunxnQOXRQavx9bdZXEe6uF4l3WShzoo8aeYjrZrgZnvdcHg==",
      "dependencies": {
        "nodesu": "^0.7.2"
      }
    },
    "node_modules/limiter": {
      "version": "1.1.5",
      "resolved": "https://registry.npmjs.org/limiter/-/limiter-1.1.5.tgz",
      "integrity": "sha512-FWWMIEOxz3GwUI4Ts/IvgVy6LPvoMPgjMdQ185nN6psJyBJ4yOpzqm695/h5umdLJg2vW3GR5iG11MAkR2AzJA=="
    },
    "node_modules/nodesu": {
      "version": "0.7.3",
      "resolved": "https://registry.npmjs.org/nodesu/-/nodesu-0.7.3.tgz",
      "integrity": "sha512-RTHkaRyt+alXkzp8TDH1r4dtkp38jeqFyGgFBCT6uSqcGIOUdh7EqghwN1PrcGVqTjPPjWUCnqoNay+JOMw3bg==",
      "dependencies": {
        "limiter": "^1.1.0"
      },
      "engines": {
        "node": ">=4.0.0"
      }
    },
    "node_modules/typescript": {
      "version": "4.5.4",
      "resolved": "https://registry.npmjs.org/typescript/-/typescript-4.5.4.tgz",
      "integrity": "sha512-VgYs2A2QIRuGphtzFV7aQJduJ2gyfTljngLzjpfW9FoYZF6xuw1W0vW9ghCKLfcWrCFxK81CSGRAvS1pn4fIUg==",
      "dev": true,
      "bin": {
        "tsc": "bin/tsc",
        "tsserver": "bin/tsserver"
      },
      "engines": {
        "node": ">=4.2.0"
      }
    }
  },
  "dependencies": {
    "bancho.js": {
      "version": "0.9.7",
      "resolved": "https://registry.npmjs.org/bancho.js/-/bancho.js-0.9.7.tgz",
      "integrity": "sha512-0W08wnmzWWg+Pyqi2RSrPFrrYJcj8zZNRnrTSUZunxnQOXRQavx9bdZXEe6uF4l3WShzoo8aeYjrZrgZnvdcHg==",
      "requires": {
        "nodesu": "^0.7.2"
      }
    },
    "limiter": {
      "version": "1.1.5",
      "resolved": "https://registry.npmjs.org/limiter/-/limiter-1.1.5.tgz",
      "integrity": "sha512-FWWMIEOxz3GwUI4Ts/IvgVy6LPvoMPgjMdQ185nN6psJyBJ4yOpzqm695/h5umdLJg2vW3GR5iG11MAkR2AzJA=="
    },
    "nodesu": {
      "version": "0.7.3",
      "resolved": "https://registry.npmjs.org/nodesu/-/nodesu-0.7.3.tgz",
      "integrity": "sha512-RTHkaRyt+alXkzp8TDH1r4dtkp38jeqFyGgFBCT6uSqcGIOUdh7EqghwN1PrcGVqTjPPjWUCnqoNay+JOMw3bg==",
      "requires": {
        "limiter": "^1.1.0"
      }
    },
    "typescript": {
      "version": "4.5.4",
      "resolved": "https://registry.npmjs.org/typescript/-/typescript-4.5.4.tgz",
      "integrity": "sha512-VgYs2A2QIRuGphtzFV7aQJduJ2gyfTljngLzjpfW9FoYZF6xuw1W0vW9ghCKLfcWrCFxK81CSGRAvS1pn4fIUg==",
      "dev": true
    }
  }
}
